
Microsoft Visual Studio Solution File, Format Version 12.00
# Visual Studio Version 17
VisualStudioVersion = 17.7.34031.279
MinimumVisualStudioVersion = 10.0.40219.1
Project("{FAE04EC0-301F-11D3-BF4B-00C04F79EFBC}") = "task3", "task3.csproj", "{99109F20-44AA-4C93-A7FA-5B540CA45480}"
EndProject
Global
	GlobalSection(SolutionConfigurationPlatforms) = preSolution
		Debug|Any CPU = Debug|Any CPU
		Release|Any CPU = Release|Any CPU
	EndGlobalSection
	GlobalSection(ProjectConfigurationPlatforms) = postSolution
		{99109F20-44AA-4C93-A7FA-5B540CA45480}.Debug|Any CPU.ActiveCfg = Debug|Any CPU
		{99109F20-44AA-4C93-A7FA-5B540CA45480}.Debug|Any CPU.Build.0 = Debug|Any CPU
		{99109F20-44AA-4C93-A7FA-5B540CA45480}.Release|Any CPU.ActiveCfg = Release|Any CPU
		{99109F20-44AA-4C93-A7FA-5B540CA45480}.Release|Any CPU.Build.0 = Release|Any CPU
	EndGlobalSection
	GlobalSection(SolutionProperties) = preSolution
		HideSolutionNode = FALSE
	EndGlobalSection
	GlobalSection(ExtensibilityGlobals) = postSolution
		SolutionGuid = {E37E7B74-716F-46BA-B9EA-E50C1D41DE52}
	EndGlobalSection
EndGlobal
